{
  "https://8ugqtxyj43pdrjam.public.blob.vercel-storage.com/y2mate.com%20-%20Welcome%20to%20TAKHI%20ecocamp_1080p-z6oVbqcRwEKGKxgjivKlpyd90DJCwb.mp4": { "integrity": "sha512-sYNEvomiaSVUkeTEDMRCr3ZPNORH6/g390jusly5ZJZJil1l01aNy2mYiGlX76efijHVgkuAqbM0ZyVnZ6NxVQ==", "contentType": "video/mp4" },
  "https://8ugqtxyj43pdrjam.public.blob.vercel-storage.com/zebra-czb7YmDF9y53s4qtaP0fXDeZOvAOxh.mp4": "no-cache",
  "version": 1
}
